
Microsoft Visual Studio Solution File, Format Version 12.00
# Visual Studio Version 17
VisualStudioVersion = 17.1.32421.90
MinimumVisualStudioVersion = 10.0.40219.1
Project("{FAE04EC0-301F-11D3-BF4B-00C04F79EFBC}") = "aula1105", "aula1105.csproj", "{8873E6F1-43A1-4EBF-A0FA-5446108DB0FE}"
EndProject
Global
	GlobalSection(SolutionConfigurationPlatforms) = preSolution
		Debug|Any CPU = Debug|Any CPU
		Release|Any CPU = Release|Any CPU
	EndGlobalSection
	GlobalSection(ProjectConfigurationPlatforms) = postSolution
		{8873E6F1-43A1-4EBF-A0FA-5446108DB0FE}.Debug|Any CPU.ActiveCfg = Debug|Any CPU
		{8873E6F1-43A1-4EBF-A0FA-5446108DB0FE}.Debug|Any CPU.Build.0 = Debug|Any CPU
		{8873E6F1-43A1-4EBF-A0FA-5446108DB0FE}.Release|Any CPU.ActiveCfg = Release|Any CPU
		{8873E6F1-43A1-4EBF-A0FA-5446108DB0FE}.Release|Any CPU.Build.0 = Release|Any CPU
	EndGlobalSection
	GlobalSection(SolutionProperties) = preSolution
		HideSolutionNode = FALSE
	EndGlobalSection
	GlobalSection(ExtensibilityGlobals) = postSolution
		SolutionGuid = {1581F080-BE64-41BC-B9C1-4265DC4BEFCA}
	EndGlobalSection
EndGlobal
