
Microsoft Visual Studio Solution File, Format Version 12.00
# Visual Studio Version 17
VisualStudioVersion = 17.1.32421.90
MinimumVisualStudioVersion = 10.0.40219.1
Project("{FAE04EC0-301F-11D3-BF4B-00C04F79EFBC}") = "Exercicio12", "Exercicio12.csproj", "{DEAE0D4D-ABEA-49C9-B713-EC177D6690CD}"
EndProject
Global
	GlobalSection(SolutionConfigurationPlatforms) = preSolution
		Debug|Any CPU = Debug|Any CPU
		Release|Any CPU = Release|Any CPU
	EndGlobalSection
	GlobalSection(ProjectConfigurationPlatforms) = postSolution
		{DEAE0D4D-ABEA-49C9-B713-EC177D6690CD}.Debug|Any CPU.ActiveCfg = Debug|Any CPU
		{DEAE0D4D-ABEA-49C9-B713-EC177D6690CD}.Debug|Any CPU.Build.0 = Debug|Any CPU
		{DEAE0D4D-ABEA-49C9-B713-EC177D6690CD}.Release|Any CPU.ActiveCfg = Release|Any CPU
		{DEAE0D4D-ABEA-49C9-B713-EC177D6690CD}.Release|Any CPU.Build.0 = Release|Any CPU
	EndGlobalSection
	GlobalSection(SolutionProperties) = preSolution
		HideSolutionNode = FALSE
	EndGlobalSection
	GlobalSection(ExtensibilityGlobals) = postSolution
		SolutionGuid = {54A496EA-FE90-452C-8645-C25993ED54A3}
	EndGlobalSection
EndGlobal
