
Microsoft Visual Studio Solution File, Format Version 12.00
# Visual Studio Version 17
VisualStudioVersion = 17.1.32421.90
MinimumVisualStudioVersion = 10.0.40219.1
Project("{FAE04EC0-301F-11D3-BF4B-00C04F79EFBC}") = "Exercicio10", "Exercicio10.csproj", "{D026AE2D-E2FD-4C1A-AEC5-02248A548E9F}"
EndProject
Global
	GlobalSection(SolutionConfigurationPlatforms) = preSolution
		Debug|Any CPU = Debug|Any CPU
		Release|Any CPU = Release|Any CPU
	EndGlobalSection
	GlobalSection(ProjectConfigurationPlatforms) = postSolution
		{D026AE2D-E2FD-4C1A-AEC5-02248A548E9F}.Debug|Any CPU.ActiveCfg = Debug|Any CPU
		{D026AE2D-E2FD-4C1A-AEC5-02248A548E9F}.Debug|Any CPU.Build.0 = Debug|Any CPU
		{D026AE2D-E2FD-4C1A-AEC5-02248A548E9F}.Release|Any CPU.ActiveCfg = Release|Any CPU
		{D026AE2D-E2FD-4C1A-AEC5-02248A548E9F}.Release|Any CPU.Build.0 = Release|Any CPU
	EndGlobalSection
	GlobalSection(SolutionProperties) = preSolution
		HideSolutionNode = FALSE
	EndGlobalSection
	GlobalSection(ExtensibilityGlobals) = postSolution
		SolutionGuid = {04EDFC11-4C0B-4F47-AD43-DA8A62FC877E}
	EndGlobalSection
EndGlobal
